
Microsoft Visual Studio Solution File, Format Version 12.00
# Visual Studio Version 16
VisualStudioVersion = 16.0.31515.178
MinimumVisualStudioVersion = 10.0.40219.1
Project("{9A19103F-16F7-4668-BE54-9A1E7A4F7556}") = "School.Web", "School.Web\School.Web.csproj", "{AFE9C659-235A-4674-8E08-41F72DD1A093}"
EndProject
Project("{9A19103F-16F7-4668-BE54-9A1E7A4F7556}") = "School.Core", "School.Core\School.Core.csproj", "{8A813DD1-B0D0-45E7-89E7-CAA6B44E7A4C}"
EndProject
Project("{9A19103F-16F7-4668-BE54-9A1E7A4F7556}") = "School.EntityConfiguration", "School.EntityConfiguration\School.EntityConfiguration.csproj", "{D2067811-2556-49D1-A4B9-EA288BA3B979}"
EndProject
Project("{2150E333-8FDC-42A3-9474-1A3956D46DE8}") = "Base", "Base", "{F22D3C5F-2BE3-474C-9DA8-37DE41ABA3F7}"
EndProject
Project("{FAE04EC0-301F-11D3-BF4B-00C04F79EFBC}") = "EntityConfigurationBase", "EntityConfigurationBase\EntityConfigurationBase.csproj", "{E541DCEE-19EF-4B01-9333-796303B57E7F}"
EndProject
Project("{2150E333-8FDC-42A3-9474-1A3956D46DE8}") = "Solution Items", "Solution Items", "{FF237346-2FD4-4AC4-8CC3-D5B55F7B1088}"
	ProjectSection(SolutionItems) = preProject
		.editorconfig = .editorconfig
	EndProjectSection
EndProject
Project("{FAE04EC0-301F-11D3-BF4B-00C04F79EFBC}") = "School.Data", "School.Data\School.Data.csproj", "{60CB4CB0-231D-4CEE-AEB4-955850D649E0}"
EndProject
Global
	GlobalSection(SolutionConfigurationPlatforms) = preSolution
		Debug|Any CPU = Debug|Any CPU
		Release|Any CPU = Release|Any CPU
	EndGlobalSection
	GlobalSection(ProjectConfigurationPlatforms) = postSolution
		{AFE9C659-235A-4674-8E08-41F72DD1A093}.Debug|Any CPU.ActiveCfg = Debug|Any CPU
		{AFE9C659-235A-4674-8E08-41F72DD1A093}.Debug|Any CPU.Build.0 = Debug|Any CPU
		{AFE9C659-235A-4674-8E08-41F72DD1A093}.Release|Any CPU.ActiveCfg = Release|Any CPU
		{AFE9C659-235A-4674-8E08-41F72DD1A093}.Release|Any CPU.Build.0 = Release|Any CPU
		{8A813DD1-B0D0-45E7-89E7-CAA6B44E7A4C}.Debug|Any CPU.ActiveCfg = Debug|Any CPU
		{8A813DD1-B0D0-45E7-89E7-CAA6B44E7A4C}.Debug|Any CPU.Build.0 = Debug|Any CPU
		{8A813DD1-B0D0-45E7-89E7-CAA6B44E7A4C}.Release|Any CPU.ActiveCfg = Release|Any CPU
		{8A813DD1-B0D0-45E7-89E7-CAA6B44E7A4C}.Release|Any CPU.Build.0 = Release|Any CPU
		{D2067811-2556-49D1-A4B9-EA288BA3B979}.Debug|Any CPU.ActiveCfg = Debug|Any CPU
		{D2067811-2556-49D1-A4B9-EA288BA3B979}.Debug|Any CPU.Build.0 = Debug|Any CPU
		{D2067811-2556-49D1-A4B9-EA288BA3B979}.Release|Any CPU.ActiveCfg = Release|Any CPU
		{D2067811-2556-49D1-A4B9-EA288BA3B979}.Release|Any CPU.Build.0 = Release|Any CPU
		{E541DCEE-19EF-4B01-9333-796303B57E7F}.Debug|Any CPU.ActiveCfg = Debug|Any CPU
		{E541DCEE-19EF-4B01-9333-796303B57E7F}.Debug|Any CPU.Build.0 = Debug|Any CPU
		{E541DCEE-19EF-4B01-9333-796303B57E7F}.Release|Any CPU.ActiveCfg = Release|Any CPU
		{E541DCEE-19EF-4B01-9333-796303B57E7F}.Release|Any CPU.Build.0 = Release|Any CPU
		{60CB4CB0-231D-4CEE-AEB4-955850D649E0}.Debug|Any CPU.ActiveCfg = Debug|Any CPU
		{60CB4CB0-231D-4CEE-AEB4-955850D649E0}.Debug|Any CPU.Build.0 = Debug|Any CPU
		{60CB4CB0-231D-4CEE-AEB4-955850D649E0}.Release|Any CPU.ActiveCfg = Release|Any CPU
		{60CB4CB0-231D-4CEE-AEB4-955850D649E0}.Release|Any CPU.Build.0 = Release|Any CPU
	EndGlobalSection
	GlobalSection(SolutionProperties) = preSolution
		HideSolutionNode = FALSE
	EndGlobalSection
	GlobalSection(NestedProjects) = preSolution
		{E541DCEE-19EF-4B01-9333-796303B57E7F} = {F22D3C5F-2BE3-474C-9DA8-37DE41ABA3F7}
		{60CB4CB0-231D-4CEE-AEB4-955850D649E0} = {F22D3C5F-2BE3-474C-9DA8-37DE41ABA3F7}
	EndGlobalSection
	GlobalSection(ExtensibilityGlobals) = postSolution
		SolutionGuid = {7B81BC94-DE99-4E5E-A0ED-B8E6D63F5957}
	EndGlobalSection
EndGlobal
